
Microsoft Visual Studio Solution File, Format Version 12.00
# Visual Studio Version 16
VisualStudioVersion = 16.0.29806.167
MinimumVisualStudioVersion = 10.0.40219.1
Project("{8BC9CEB8-8B4A-11D0-8D11-00A0C91BC942}") = "PhoneBookApplication", "PhoneBookApplication\PhoneBookApplication.vcxproj", "{B741BDA6-FA20-40AD-96B8-E48B25F82CEF}"
EndProject
Global
	GlobalSection(SolutionConfigurationPlatforms) = preSolution
		Debug|x64 = Debug|x64
		Debug|x86 = Debug|x86
		Release|x64 = Release|x64
		Release|x86 = Release|x86
	EndGlobalSection
	GlobalSection(ProjectConfigurationPlatforms) = postSolution
		{B741BDA6-FA20-40AD-96B8-E48B25F82CEF}.Debug|x64.ActiveCfg = Debug|x64
		{B741BDA6-FA20-40AD-96B8-E48B25F82CEF}.Debug|x64.Build.0 = Debug|x64
		{B741BDA6-FA20-40AD-96B8-E48B25F82CEF}.Debug|x86.ActiveCfg = Debug|Win32
		{B741BDA6-FA20-40AD-96B8-E48B25F82CEF}.Debug|x86.Build.0 = Debug|Win32
		{B741BDA6-FA20-40AD-96B8-E48B25F82CEF}.Release|x64.ActiveCfg = Release|x64
		{B741BDA6-FA20-40AD-96B8-E48B25F82CEF}.Release|x64.Build.0 = Release|x64
		{B741BDA6-FA20-40AD-96B8-E48B25F82CEF}.Release|x86.ActiveCfg = Release|Win32
		{B741BDA6-FA20-40AD-96B8-E48B25F82CEF}.Release|x86.Build.0 = Release|Win32
	EndGlobalSection
	GlobalSection(SolutionProperties) = preSolution
		HideSolutionNode = FALSE
	EndGlobalSection
	GlobalSection(ExtensibilityGlobals) = postSolution
		SolutionGuid = {5C023A92-AD5E-43C0-B637-09B001AD31C4}
	EndGlobalSection
EndGlobal
